
Microsoft Visual Studio Solution File, Format Version 12.00
# Visual Studio Version 17
VisualStudioVersion = 17.2.32526.322
MinimumVisualStudioVersion = 10.0.40219.1
Project("{9A19103F-16F7-4668-BE54-9A1E7A4F7556}") = "WombatQOL", "WombatQOL.csproj", "{870610F6-840E-4BDD-A137-2E2855B63CBD}"
EndProject
Global
	GlobalSection(SolutionConfigurationPlatforms) = preSolution
		Debug|Any CPU = Debug|Any CPU
		Release|Any CPU = Release|Any CPU
	EndGlobalSection
	GlobalSection(ProjectConfigurationPlatforms) = postSolution
		{870610F6-840E-4BDD-A137-2E2855B63CBD}.Debug|Any CPU.ActiveCfg = Debug|Any CPU
		{870610F6-840E-4BDD-A137-2E2855B63CBD}.Debug|Any CPU.Build.0 = Debug|Any CPU
		{870610F6-840E-4BDD-A137-2E2855B63CBD}.Release|Any CPU.ActiveCfg = Release|Any CPU
		{870610F6-840E-4BDD-A137-2E2855B63CBD}.Release|Any CPU.Build.0 = Release|Any CPU
	EndGlobalSection
	GlobalSection(SolutionProperties) = preSolution
		HideSolutionNode = FALSE
	EndGlobalSection
	GlobalSection(ExtensibilityGlobals) = postSolution
		SolutionGuid = {055FAB37-5976-4D35-82E8-01E3AFEA9A14}
	EndGlobalSection
EndGlobal
